
Microsoft Visual Studio Solution File, Format Version 12.00
# Visual Studio 2015
Project("{FAE04EC0-301F-11D3-BF4B-00C04F79EFBC}") = "unity_fish.CSharp", "unity_fish.CSharp.csproj", "{FCB7DF7A-EACF-3D32-D19B-A44DBC2A127F}"
EndProject
Project("{FAE04EC0-301F-11D3-BF4B-00C04F79EFBC}") = "unity_fish.CSharp.Editor", "unity_fish.CSharp.Editor.csproj", "{D92C1867-4331-3955-5EA4-E52AD71FBDB8}"
EndProject
Global
	GlobalSection(SolutionConfigurationPlatforms) = preSolution
		Debug|Any CPU = Debug|Any CPU
		Release|Any CPU = Release|Any CPU
	EndGlobalSection
	GlobalSection(ProjectConfigurationPlatforms) = postSolution
		{FCB7DF7A-EACF-3D32-D19B-A44DBC2A127F}.Debug|Any CPU.ActiveCfg = Debug|Any CPU
		{FCB7DF7A-EACF-3D32-D19B-A44DBC2A127F}.Debug|Any CPU.Build.0 = Debug|Any CPU
		{FCB7DF7A-EACF-3D32-D19B-A44DBC2A127F}.Release|Any CPU.ActiveCfg = Release|Any CPU
		{FCB7DF7A-EACF-3D32-D19B-A44DBC2A127F}.Release|Any CPU.Build.0 = Release|Any CPU
		{D92C1867-4331-3955-5EA4-E52AD71FBDB8}.Debug|Any CPU.ActiveCfg = Debug|Any CPU
		{D92C1867-4331-3955-5EA4-E52AD71FBDB8}.Debug|Any CPU.Build.0 = Debug|Any CPU
		{D92C1867-4331-3955-5EA4-E52AD71FBDB8}.Release|Any CPU.ActiveCfg = Release|Any CPU
		{D92C1867-4331-3955-5EA4-E52AD71FBDB8}.Release|Any CPU.Build.0 = Release|Any CPU
	EndGlobalSection
	GlobalSection(SolutionProperties) = preSolution
		HideSolutionNode = FALSE
	EndGlobalSection
EndGlobal
